// !$*UTF8*$!
{
	archiveVersion = 1;
	classes = {
	};
	objectVersion = 56;
	objects = {

/* Begin PBXBuildFile section */
		E81506452C94144F00B7F8F4 /* BBQuotesApp.swift in Sources */ = {isa = PBXBuildFile; fileRef = E81506442C94144F00B7F8F4 /* BBQuotesApp.swift */; };
		E81506472C94144F00B7F8F4 /* ContentView.swift in Sources */ = {isa = PBXBuildFile; fileRef = E81506462C94144F00B7F8F4 /* ContentView.swift */; };
		E81506492C94145000B7F8F4 /* Assets.xcassets in Resources */ = {isa = PBXBuildFile; fileRef = E81506482C94145000B7F8F4 /* Assets.xcassets */; };
		E815064C2C94145000B7F8F4 /* Preview Assets.xcassets in Resources */ = {isa = PBXBuildFile; fileRef = E815064B2C94145000B7F8F4 /* Preview Assets.xcassets */; };
		E81506542C94156900B7F8F4 /* Inject in Frameworks */ = {isa = PBXBuildFile; productRef = E81506532C94156900B7F8F4 /* Inject */; };
		E81506572C94197800B7F8F4 /* SwiftFormat in Frameworks */ = {isa = PBXBuildFile; productRef = E81506562C94197800B7F8F4 /* SwiftFormat */; };
		E8381EA52CC268F8009AEB05 /* Episode.swift in Sources */ = {isa = PBXBuildFile; fileRef = E8381EA42CC268F8009AEB05 /* Episode.swift */; };
		E8381EA72CC3B9B4009AEB05 /* EpisodeTests.swift in Sources */ = {isa = PBXBuildFile; fileRef = E8381EA62CC3B9B3009AEB05 /* EpisodeTests.swift */; };
		E84C182F2CA5CFA400378F83 /* Production.swift in Sources */ = {isa = PBXBuildFile; fileRef = E84C182E2CA5CFA400378F83 /* Production.swift */; };
		E84C18312CA6803500378F83 /* ProductionTests.swift in Sources */ = {isa = PBXBuildFile; fileRef = E84C18302CA6803500378F83 /* ProductionTests.swift */; };
		E876D6AE2C995C4B00994F0C /* APIClient.swift in Sources */ = {isa = PBXBuildFile; fileRef = E876D6AD2C995C4B00994F0C /* APIClient.swift */; };
		E88602C32CC50DDB001368F1 /* QuoteView.swift in Sources */ = {isa = PBXBuildFile; fileRef = E88602C22CC50DDB001368F1 /* QuoteView.swift */; };
		E89897B52CAA6D39009B8323 /* CharacterView.swift in Sources */ = {isa = PBXBuildFile; fileRef = E89897B42CAA6D39009B8323 /* CharacterView.swift */; };
		E89897BB2CABE2E6009B8323 /* MockData.swift in Sources */ = {isa = PBXBuildFile; fileRef = E89897BA2CABE2E6009B8323 /* MockData.swift */; };
		E8C19E682CA12E4F0095F312 /* QuoteEpisodeViewModel.swift in Sources */ = {isa = PBXBuildFile; fileRef = E8C19E672CA12E4F0095F312 /* QuoteEpisodeViewModel.swift */; };
		E8DBE9382CA14D51003C09FA /* QuoteViewModelTests.swift in Sources */ = {isa = PBXBuildFile; fileRef = E8DBE9372CA14D51003C09FA /* QuoteViewModelTests.swift */; };
		E8DBE93C2CA164CF003C09FA /* QuoteEpisodeView.swift in Sources */ = {isa = PBXBuildFile; fileRef = E8DBE93B2CA164CF003C09FA /* QuoteEpisodeView.swift */; };
		E8E1D6412CC6C6CF002F06C0 /* EpisodeView.swift in Sources */ = {isa = PBXBuildFile; fileRef = E8E1D6402CC6C6CF002F06C0 /* EpisodeView.swift */; };
		E8E292AB2C96B7D400AC84FA /* Quote.swift in Sources */ = {isa = PBXBuildFile; fileRef = E8E292AA2C96B7D400AC84FA /* Quote.swift */; };
		E8E292AD2C96B7F800AC84FA /* Death.swift in Sources */ = {isa = PBXBuildFile; fileRef = E8E292AC2C96B7F800AC84FA /* Death.swift */; };
		E8E292AF2C96B83B00AC84FA /* Character.swift in Sources */ = {isa = PBXBuildFile; fileRef = E8E292AE2C96B83B00AC84FA /* Character.swift */; };
		E8F581052C9AB3F300F5C87A /* APIClientTests.swift in Sources */ = {isa = PBXBuildFile; fileRef = E8F581042C9AB3F300F5C87A /* APIClientTests.swift */; };
		E8F581072C9ACDA100F5C87A /* APIClientIntegrationTests.swift in Sources */ = {isa = PBXBuildFile; fileRef = E8F581062C9ACDA100F5C87A /* APIClientIntegrationTests.swift */; };
/* End PBXBuildFile section */

/* Begin PBXContainerItemProxy section */
		E8AE7C3A2C9A945100259CDC /* PBXContainerItemProxy */ = {
			isa = PBXContainerItemProxy;
			containerPortal = E81506392C94144F00B7F8F4 /* Project object */;
			proxyType = 1;
			remoteGlobalIDString = E81506402C94144F00B7F8F4;
			remoteInfo = BBQuotes;
		};
/* End PBXContainerItemProxy section */

/* Begin PBXFileReference section */
		E81506412C94144F00B7F8F4 /* BBQuotes.app */ = {isa = PBXFileReference; explicitFileType = wrapper.application; includeInIndex = 0; path = BBQuotes.app; sourceTree = BUILT_PRODUCTS_DIR; };
		E81506442C94144F00B7F8F4 /* BBQuotesApp.swift */ = {isa = PBXFileReference; lastKnownFileType = sourcecode.swift; path = BBQuotesApp.swift; sourceTree = "<group>"; };
		E81506462C94144F00B7F8F4 /* ContentView.swift */ = {isa = PBXFileReference; lastKnownFileType = sourcecode.swift; path = ContentView.swift; sourceTree = "<group>"; };
		E81506482C94145000B7F8F4 /* Assets.xcassets */ = {isa = PBXFileReference; lastKnownFileType = folder.assetcatalog; path = Assets.xcassets; sourceTree = "<group>"; };
		E815064B2C94145000B7F8F4 /* Preview Assets.xcassets */ = {isa = PBXFileReference; lastKnownFileType = folder.assetcatalog; path = "Preview Assets.xcassets"; sourceTree = "<group>"; };
		E8381EA42CC268F8009AEB05 /* Episode.swift */ = {isa = PBXFileReference; lastKnownFileType = sourcecode.swift; path = Episode.swift; sourceTree = "<group>"; };
		E8381EA62CC3B9B3009AEB05 /* EpisodeTests.swift */ = {isa = PBXFileReference; lastKnownFileType = sourcecode.swift; path = EpisodeTests.swift; sourceTree = "<group>"; };
		E84C182E2CA5CFA400378F83 /* Production.swift */ = {isa = PBXFileReference; lastKnownFileType = sourcecode.swift; path = Production.swift; sourceTree = "<group>"; };
		E84C18302CA6803500378F83 /* ProductionTests.swift */ = {isa = PBXFileReference; lastKnownFileType = sourcecode.swift; path = ProductionTests.swift; sourceTree = "<group>"; };
		E876D6AD2C995C4B00994F0C /* APIClient.swift */ = {isa = PBXFileReference; lastKnownFileType = sourcecode.swift; path = APIClient.swift; sourceTree = "<group>"; };
		E88602C22CC50DDB001368F1 /* QuoteView.swift */ = {isa = PBXFileReference; fileEncoding = 4; lastKnownFileType = sourcecode.swift; name = QuoteView.swift; path = BBQuotes/Screens/QuoteEpisode/Views/QuoteView.swift; sourceTree = SOURCE_ROOT; };
		E89897B42CAA6D39009B8323 /* CharacterView.swift */ = {isa = PBXFileReference; fileEncoding = 4; lastKnownFileType = sourcecode.swift; path = CharacterView.swift; sourceTree = "<group>"; };
		E89897BA2CABE2E6009B8323 /* MockData.swift */ = {isa = PBXFileReference; lastKnownFileType = sourcecode.swift; path = MockData.swift; sourceTree = "<group>"; };
		E8AE7C362C9A945100259CDC /* BBQuotesTests.xctest */ = {isa = PBXFileReference; explicitFileType = wrapper.cfbundle; includeInIndex = 0; path = BBQuotesTests.xctest; sourceTree = BUILT_PRODUCTS_DIR; };
		E8C19E672CA12E4F0095F312 /* QuoteEpisodeViewModel.swift */ = {isa = PBXFileReference; lastKnownFileType = sourcecode.swift; path = QuoteEpisodeViewModel.swift; sourceTree = "<group>"; };
		E8DBE9372CA14D51003C09FA /* QuoteViewModelTests.swift */ = {isa = PBXFileReference; lastKnownFileType = sourcecode.swift; path = QuoteViewModelTests.swift; sourceTree = "<group>"; };
		E8DBE93B2CA164CF003C09FA /* QuoteEpisodeView.swift */ = {isa = PBXFileReference; lastKnownFileType = sourcecode.swift; path = QuoteEpisodeView.swift; sourceTree = "<group>"; };
		E8E1D6402CC6C6CF002F06C0 /* EpisodeView.swift */ = {isa = PBXFileReference; lastKnownFileType = sourcecode.swift; path = EpisodeView.swift; sourceTree = "<group>"; };
		E8E292AA2C96B7D400AC84FA /* Quote.swift */ = {isa = PBXFileReference; lastKnownFileType = sourcecode.swift; path = Quote.swift; sourceTree = "<group>"; };
		E8E292AC2C96B7F800AC84FA /* Death.swift */ = {isa = PBXFileReference; lastKnownFileType = sourcecode.swift; path = Death.swift; sourceTree = "<group>"; };
		E8E292AE2C96B83B00AC84FA /* Character.swift */ = {isa = PBXFileReference; lastKnownFileType = sourcecode.swift; path = Character.swift; sourceTree = "<group>"; };
		E8F581042C9AB3F300F5C87A /* APIClientTests.swift */ = {isa = PBXFileReference; lastKnownFileType = sourcecode.swift; path = APIClientTests.swift; sourceTree = "<group>"; };
		E8F581062C9ACDA100F5C87A /* APIClientIntegrationTests.swift */ = {isa = PBXFileReference; lastKnownFileType = sourcecode.swift; path = APIClientIntegrationTests.swift; sourceTree = "<group>"; };
/* End PBXFileReference section */

/* Begin PBXFrameworksBuildPhase section */
		E815063E2C94144F00B7F8F4 /* Frameworks */ = {
			isa = PBXFrameworksBuildPhase;
			buildActionMask = 2147483647;
			files = (
				E81506542C94156900B7F8F4 /* Inject in Frameworks */,
				E81506572C94197800B7F8F4 /* SwiftFormat in Frameworks */,
			);
			runOnlyForDeploymentPostprocessing = 0;
		};
		E8AE7C332C9A945100259CDC /* Frameworks */ = {
			isa = PBXFrameworksBuildPhase;
			buildActionMask = 2147483647;
			files = (
			);
			runOnlyForDeploymentPostprocessing = 0;
		};
/* End PBXFrameworksBuildPhase section */

/* Begin PBXGroup section */
		E802B3AD2CBA5B4B00D3B833 /* Screens */ = {
			isa = PBXGroup;
			children = (
				E81506462C94144F00B7F8F4 /* ContentView.swift */,
				E802B3AE2CBA5C5800D3B833 /* QuoteEpisode */,
				E802B3AF2CBA5C6000D3B833 /* Character */,
			);
			path = Screens;
			sourceTree = "<group>";
		};
		E802B3AE2CBA5C5800D3B833 /* QuoteEpisode */ = {
			isa = PBXGroup;
			children = (
				E802B3B02CBA5CD900D3B833 /* Views */,
				E802B3B12CBA5CE300D3B833 /* ViewModels */,
			);
			path = QuoteEpisode;
			sourceTree = "<group>";
		};
		E802B3AF2CBA5C6000D3B833 /* Character */ = {
			isa = PBXGroup;
			children = (
				E802B3B22CBA5D1000D3B833 /* Views */,
			);
			path = Character;
			sourceTree = "<group>";
		};
		E802B3B02CBA5CD900D3B833 /* Views */ = {
			isa = PBXGroup;
			children = (
				E8DBE93B2CA164CF003C09FA /* QuoteEpisodeView.swift */,
				E88602C22CC50DDB001368F1 /* QuoteView.swift */,
				E8E1D6402CC6C6CF002F06C0 /* EpisodeView.swift */,
			);
			path = Views;
			sourceTree = "<group>";
		};
		E802B3B12CBA5CE300D3B833 /* ViewModels */ = {
			isa = PBXGroup;
			children = (
				E8C19E672CA12E4F0095F312 /* QuoteEpisodeViewModel.swift */,
			);
			path = ViewModels;
			sourceTree = "<group>";
		};
		E802B3B22CBA5D1000D3B833 /* Views */ = {
			isa = PBXGroup;
			children = (
				E89897B42CAA6D39009B8323 /* CharacterView.swift */,
			);
			path = Views;
			sourceTree = "<group>";
		};
		E802B3B32CBA5D7E00D3B833 /* Clients */ = {
			isa = PBXGroup;
			children = (
				E8F581042C9AB3F300F5C87A /* APIClientTests.swift */,
				E8F581062C9ACDA100F5C87A /* APIClientIntegrationTests.swift */,
			);
			path = Clients;
			sourceTree = "<group>";
		};
		E802B3B42CBA5D9100D3B833 /* Screens */ = {
			isa = PBXGroup;
			children = (
				E802B3B52CBA5DB300D3B833 /* QuoteEpisode */,
			);
			path = Screens;
			sourceTree = "<group>";
		};
		E802B3B52CBA5DB300D3B833 /* QuoteEpisode */ = {
			isa = PBXGroup;
			children = (
				E802B3B62CBA5DC500D3B833 /* ViewModels */,
			);
			path = QuoteEpisode;
			sourceTree = "<group>";
		};
		E802B3B62CBA5DC500D3B833 /* ViewModels */ = {
			isa = PBXGroup;
			children = (
				E8DBE9372CA14D51003C09FA /* QuoteViewModelTests.swift */,
			);
			path = ViewModels;
			sourceTree = "<group>";
		};
		E802B3B82CBA5DEB00D3B833 /* Models */ = {
			isa = PBXGroup;
			children = (
				E84C18302CA6803500378F83 /* ProductionTests.swift */,
				E8381EA62CC3B9B3009AEB05 /* EpisodeTests.swift */,
			);
			path = Models;
			sourceTree = "<group>";
		};
		E81506382C94144F00B7F8F4 = {
			isa = PBXGroup;
			children = (
				E81506432C94144F00B7F8F4 /* BBQuotes */,
				E8AE7C372C9A945100259CDC /* BBQuotesTests */,
				E81506422C94144F00B7F8F4 /* Products */,
			);
			sourceTree = "<group>";
		};
		E81506422C94144F00B7F8F4 /* Products */ = {
			isa = PBXGroup;
			children = (
				E81506412C94144F00B7F8F4 /* BBQuotes.app */,
				E8AE7C362C9A945100259CDC /* BBQuotesTests.xctest */,
			);
			name = Products;
			sourceTree = "<group>";
		};
		E81506432C94144F00B7F8F4 /* BBQuotes */ = {
			isa = PBXGroup;
			children = (
				E81506442C94144F00B7F8F4 /* BBQuotesApp.swift */,
				E876D6A82C9955AC00994F0C /* Clients */,
				E8E292A92C96B74300AC84FA /* Models */,
				E802B3AD2CBA5B4B00D3B833 /* Screens */,
				E81506482C94145000B7F8F4 /* Assets.xcassets */,
				E815064A2C94145000B7F8F4 /* Preview Content */,
			);
			path = BBQuotes;
			sourceTree = "<group>";
		};
		E815064A2C94145000B7F8F4 /* Preview Content */ = {
			isa = PBXGroup;
			children = (
				E89897BA2CABE2E6009B8323 /* MockData.swift */,
				E815064B2C94145000B7F8F4 /* Preview Assets.xcassets */,
			);
			path = "Preview Content";
			sourceTree = "<group>";
		};
		E876D6A82C9955AC00994F0C /* Clients */ = {
			isa = PBXGroup;
			children = (
				E876D6AD2C995C4B00994F0C /* APIClient.swift */,
			);
			path = Clients;
			sourceTree = "<group>";
		};
		E8AE7C372C9A945100259CDC /* BBQuotesTests */ = {
			isa = PBXGroup;
			children = (
				E802B3B32CBA5D7E00D3B833 /* Clients */,
				E802B3B82CBA5DEB00D3B833 /* Models */,
				E802B3B42CBA5D9100D3B833 /* Screens */,
			);
			path = BBQuotesTests;
			sourceTree = "<group>";
		};
		E8E292A92C96B74300AC84FA /* Models */ = {
			isa = PBXGroup;
			children = (
				E84C182E2CA5CFA400378F83 /* Production.swift */,
				E8E292AE2C96B83B00AC84FA /* Character.swift */,
				E8E292AC2C96B7F800AC84FA /* Death.swift */,
				E8E292AA2C96B7D400AC84FA /* Quote.swift */,
				E8381EA42CC268F8009AEB05 /* Episode.swift */,
			);
			path = Models;
			sourceTree = "<group>";
		};
/* End PBXGroup section */

/* Begin PBXNativeTarget section */
		E81506402C94144F00B7F8F4 /* BBQuotes */ = {
			isa = PBXNativeTarget;
			buildConfigurationList = E815064F2C94145000B7F8F4 /* Build configuration list for PBXNativeTarget "BBQuotes" */;
			buildPhases = (
				E815065B2C941AB000B7F8F4 /* SwiftFormat */,
				E815065F2C942A4A00B7F8F4 /* SwiftLint */,
				E815063D2C94144F00B7F8F4 /* Sources */,
				E815063E2C94144F00B7F8F4 /* Frameworks */,
				E815063F2C94144F00B7F8F4 /* Resources */,
			);
			buildRules = (
			);
			dependencies = (
			);
			name = BBQuotes;
			packageProductDependencies = (
				E81506532C94156900B7F8F4 /* Inject */,
				E81506562C94197800B7F8F4 /* SwiftFormat */,
			);
			productName = BBQuotes;
			productReference = E81506412C94144F00B7F8F4 /* BBQuotes.app */;
			productType = "com.apple.product-type.application";
		};
		E8AE7C352C9A945100259CDC /* BBQuotesTests */ = {
			isa = PBXNativeTarget;
			buildConfigurationList = E8AE7C3C2C9A945100259CDC /* Build configuration list for PBXNativeTarget "BBQuotesTests" */;
			buildPhases = (
				E8AE7C322C9A945100259CDC /* Sources */,
				E8AE7C332C9A945100259CDC /* Frameworks */,
				E8AE7C342C9A945100259CDC /* Resources */,
			);
			buildRules = (
			);
			dependencies = (
				E8AE7C3B2C9A945100259CDC /* PBXTargetDependency */,
			);
			name = BBQuotesTests;
			productName = BBQuotesTests;
			productReference = E8AE7C362C9A945100259CDC /* BBQuotesTests.xctest */;
			productType = "com.apple.product-type.bundle.unit-test";
		};
/* End PBXNativeTarget section */

/* Begin PBXProject section */
		E81506392C94144F00B7F8F4 /* Project object */ = {
			isa = PBXProject;
			attributes = {
				BuildIndependentTargetsInParallel = 1;
				LastSwiftUpdateCheck = 1540;
				LastUpgradeCheck = 1540;
				TargetAttributes = {
					E81506402C94144F00B7F8F4 = {
						CreatedOnToolsVersion = 15.4;
					};
					E8AE7C352C9A945100259CDC = {
						CreatedOnToolsVersion = 15.4;
						TestTargetID = E81506402C94144F00B7F8F4;
					};
				};
			};
			buildConfigurationList = E815063C2C94144F00B7F8F4 /* Build configuration list for PBXProject "BBQuotes" */;
			compatibilityVersion = "Xcode 14.0";
			developmentRegion = en;
			hasScannedForEncodings = 0;
			knownRegions = (
				en,
				Base,
			);
			mainGroup = E81506382C94144F00B7F8F4;
			packageReferences = (
				E81506522C94156900B7F8F4 /* XCRemoteSwiftPackageReference "Inject" */,
				E81506552C94197700B7F8F4 /* XCRemoteSwiftPackageReference "SwiftFormat" */,
				E815065C2C94223B00B7F8F4 /* XCRemoteSwiftPackageReference "SwiftLintPlugins" */,
			);
			productRefGroup = E81506422C94144F00B7F8F4 /* Products */;
			projectDirPath = "";
			projectRoot = "";
			targets = (
				E81506402C94144F00B7F8F4 /* BBQuotes */,
				E8AE7C352C9A945100259CDC /* BBQuotesTests */,
			);
		};
/* End PBXProject section */

/* Begin PBXResourcesBuildPhase section */
		E815063F2C94144F00B7F8F4 /* Resources */ = {
			isa = PBXResourcesBuildPhase;
			buildActionMask = 2147483647;
			files = (
				E815064C2C94145000B7F8F4 /* Preview Assets.xcassets in Resources */,
				E81506492C94145000B7F8F4 /* Assets.xcassets in Resources */,
			);
			runOnlyForDeploymentPostprocessing = 0;
		};
		E8AE7C342C9A945100259CDC /* Resources */ = {
			isa = PBXResourcesBuildPhase;
			buildActionMask = 2147483647;
			files = (
			);
			runOnlyForDeploymentPostprocessing = 0;
		};
/* End PBXResourcesBuildPhase section */

/* Begin PBXShellScriptBuildPhase section */
		E815065B2C941AB000B7F8F4 /* SwiftFormat */ = {
			isa = PBXShellScriptBuildPhase;
			alwaysOutOfDate = 1;
			buildActionMask = 12;
			files = (
			);
			inputFileListPaths = (
			);
			inputPaths = (
			);
			name = SwiftFormat;
			outputFileListPaths = (
			);
			outputPaths = (
			);
			runOnlyForDeploymentPostprocessing = 0;
			shellPath = /bin/sh;
			shellScript = "SWIFTFORMAT_DIR=\"${BUILD_DIR%Build/*}SourcePackages/checkouts/SwiftFormat#swift-package-manager-plugin/CommandLineTool\"\nSWIFTFORMAT_CMD=\"$SWIFTFORMAT_DIR/swiftformat\"\n\nif test -f \"$SWIFTFORMAT_CMD\"\nthen\n    \"$SWIFTFORMAT_CMD\" --disable wrapMultilineStatementBraces .\nelse\n    echo \"warning: SwiftFormat not found. Make sure it's installed via 'Add Package' in Xcode.\"\nfi\n";
		};
		E815065F2C942A4A00B7F8F4 /* SwiftLint */ = {
			isa = PBXShellScriptBuildPhase;
			alwaysOutOfDate = 1;
			buildActionMask = 2147483647;
			files = (
			);
			inputFileListPaths = (
			);
			inputPaths = (
			);
			name = SwiftLint;
			outputFileListPaths = (
			);
			outputPaths = (
			);
			runOnlyForDeploymentPostprocessing = 0;
			shellPath = /bin/sh;
			shellScript = "SWIFT_PACKAGE_DIR=\"${BUILD_DIR%Build/*}SourcePackages/artifacts\"\nSWIFTLINT_CMD=$(ls \"$SWIFT_PACKAGE_DIR\"/swiftlintplugins/SwiftLintBinary/SwiftLintBinary.artifactbundle/swiftlint-*/bin/swiftlint | head -n 1)\n\nif test -f \"$SWIFTLINT_CMD\" 2>&1\nthen\n    \"$SWIFTLINT_CMD\"\nelse\n    echo \"warning: SwiftLint command not found - See https://github.com/realm/SwiftLint#installation for installation instructions.\"\nfi\n";
		};
/* End PBXShellScriptBuildPhase section */

/* Begin PBXSourcesBuildPhase section */
		E815063D2C94144F00B7F8F4 /* Sources */ = {
			isa = PBXSourcesBuildPhase;
			buildActionMask = 2147483647;
			files = (
				E8E292AD2C96B7F800AC84FA /* Death.swift in Sources */,
				E8381EA52CC268F8009AEB05 /* Episode.swift in Sources */,
				E89897BB2CABE2E6009B8323 /* MockData.swift in Sources */,
				E81506472C94144F00B7F8F4 /* ContentView.swift in Sources */,
				E8E292AF2C96B83B00AC84FA /* Character.swift in Sources */,
				E84C182F2CA5CFA400378F83 /* Production.swift in Sources */,
				E89897B52CAA6D39009B8323 /* CharacterView.swift in Sources */,
				E8E292AB2C96B7D400AC84FA /* Quote.swift in Sources */,
				E88602C32CC50DDB001368F1 /* QuoteView.swift in Sources */,
				E81506452C94144F00B7F8F4 /* BBQuotesApp.swift in Sources */,
				E8C19E682CA12E4F0095F312 /* QuoteEpisodeViewModel.swift in Sources */,
				E8DBE93C2CA164CF003C09FA /* QuoteEpisodeView.swift in Sources */,
				E8E1D6412CC6C6CF002F06C0 /* EpisodeView.swift in Sources */,
				E876D6AE2C995C4B00994F0C /* APIClient.swift in Sources */,
			);
			runOnlyForDeploymentPostprocessing = 0;
		};
		E8AE7C322C9A945100259CDC /* Sources */ = {
			isa = PBXSourcesBuildPhase;
			buildActionMask = 2147483647;
			files = (
				E8DBE9382CA14D51003C09FA /* QuoteViewModelTests.swift in Sources */,
				E8F581052C9AB3F300F5C87A /* APIClientTests.swift in Sources */,
				E84C18312CA6803500378F83 /* ProductionTests.swift in Sources */,
				E8381EA72CC3B9B4009AEB05 /* EpisodeTests.swift in Sources */,
				E8F581072C9ACDA100F5C87A /* APIClientIntegrationTests.swift in Sources */,
			);
			runOnlyForDeploymentPostprocessing = 0;
		};
/* End PBXSourcesBuildPhase section */

/* Begin PBXTargetDependency section */
		E8AE7C3B2C9A945100259CDC /* PBXTargetDependency */ = {
			isa = PBXTargetDependency;
			target = E81506402C94144F00B7F8F4 /* BBQuotes */;
			targetProxy = E8AE7C3A2C9A945100259CDC /* PBXContainerItemProxy */;
		};
/* End PBXTargetDependency section */

/* Begin XCBuildConfiguration section */
		E815064D2C94145000B7F8F4 /* Debug */ = {
			isa = XCBuildConfiguration;
			buildSettings = {
				ALWAYS_SEARCH_USER_PATHS = NO;
				ASSETCATALOG_COMPILER_GENERATE_SWIFT_ASSET_SYMBOL_EXTENSIONS = YES;
				CLANG_ANALYZER_NONNULL = YES;
				CLANG_ANALYZER_NUMBER_OBJECT_CONVERSION = YES_AGGRESSIVE;
				CLANG_CXX_LANGUAGE_STANDARD = "gnu++20";
				CLANG_ENABLE_MODULES = YES;
				CLANG_ENABLE_OBJC_ARC = YES;
				CLANG_ENABLE_OBJC_WEAK = YES;
				CLANG_WARN_BLOCK_CAPTURE_AUTORELEASING = YES;
				CLANG_WARN_BOOL_CONVERSION = YES;
				CLANG_WARN_COMMA = YES;
				CLANG_WARN_CONSTANT_CONVERSION = YES;
				CLANG_WARN_DEPRECATED_OBJC_IMPLEMENTATIONS = YES;
				CLANG_WARN_DIRECT_OBJC_ISA_USAGE = YES_ERROR;
				CLANG_WARN_DOCUMENTATION_COMMENTS = YES;
				CLANG_WARN_EMPTY_BODY = YES;
				CLANG_WARN_ENUM_CONVERSION = YES;
				CLANG_WARN_INFINITE_RECURSION = YES;
				CLANG_WARN_INT_CONVERSION = YES;
				CLANG_WARN_NON_LITERAL_NULL_CONVERSION = YES;
				CLANG_WARN_OBJC_IMPLICIT_RETAIN_SELF = YES;
				CLANG_WARN_OBJC_LITERAL_CONVERSION = YES;
				CLANG_WARN_OBJC_ROOT_CLASS = YES_ERROR;
				CLANG_WARN_QUOTED_INCLUDE_IN_FRAMEWORK_HEADER = YES;
				CLANG_WARN_RANGE_LOOP_ANALYSIS = YES;
				CLANG_WARN_STRICT_PROTOTYPES = YES;
				CLANG_WARN_SUSPICIOUS_MOVE = YES;
				CLANG_WARN_UNGUARDED_AVAILABILITY = YES_AGGRESSIVE;
				CLANG_WARN_UNREACHABLE_CODE = YES;
				CLANG_WARN__DUPLICATE_METHOD_MATCH = YES;
				COPY_PHASE_STRIP = NO;
				DEBUG_INFORMATION_FORMAT = dwarf;
				ENABLE_STRICT_OBJC_MSGSEND = YES;
				ENABLE_TESTABILITY = YES;
				ENABLE_USER_SCRIPT_SANDBOXING = NO;
				GCC_C_LANGUAGE_STANDARD = gnu17;
				GCC_DYNAMIC_NO_PIC = NO;
				GCC_NO_COMMON_BLOCKS = YES;
				GCC_OPTIMIZATION_LEVEL = 0;
				GCC_PREPROCESSOR_DEFINITIONS = (
					"DEBUG=1",
					"$(inherited)",
				);
				GCC_WARN_64_TO_32_BIT_CONVERSION = YES;
				GCC_WARN_ABOUT_RETURN_TYPE = YES_ERROR;
				GCC_WARN_UNDECLARED_SELECTOR = YES;
				GCC_WARN_UNINITIALIZED_AUTOS = YES_AGGRESSIVE;
				GCC_WARN_UNUSED_FUNCTION = YES;
				GCC_WARN_UNUSED_VARIABLE = YES;
				IPHONEOS_DEPLOYMENT_TARGET = 17.5;
				LOCALIZATION_PREFERS_STRING_CATALOGS = YES;
				MTL_ENABLE_DEBUG_INFO = INCLUDE_SOURCE;
				MTL_FAST_MATH = YES;
				ONLY_ACTIVE_ARCH = YES;
				OTHER_LDFLAGS = (
					"-Xlinker",
					"-interposable",
				);
				SDKROOT = iphoneos;
				SWIFT_ACTIVE_COMPILATION_CONDITIONS = "DEBUG $(inherited)";
				SWIFT_OPTIMIZATION_LEVEL = "-Onone";
			};
			name = Debug;
		};
		E815064E2C94145000B7F8F4 /* Release */ = {
			isa = XCBuildConfiguration;
			buildSettings = {
				ALWAYS_SEARCH_USER_PATHS = NO;
				ASSETCATALOG_COMPILER_GENERATE_SWIFT_ASSET_SYMBOL_EXTENSIONS = YES;
				CLANG_ANALYZER_NONNULL = YES;
				CLANG_ANALYZER_NUMBER_OBJECT_CONVERSION = YES_AGGRESSIVE;
				CLANG_CXX_LANGUAGE_STANDARD = "gnu++20";
				CLANG_ENABLE_MODULES = YES;
				CLANG_ENABLE_OBJC_ARC = YES;
				CLANG_ENABLE_OBJC_WEAK = YES;
				CLANG_WARN_BLOCK_CAPTURE_AUTORELEASING = YES;
				CLANG_WARN_BOOL_CONVERSION = YES;
				CLANG_WARN_COMMA = YES;
				CLANG_WARN_CONSTANT_CONVERSION = YES;
				CLANG_WARN_DEPRECATED_OBJC_IMPLEMENTATIONS = YES;
				CLANG_WARN_DIRECT_OBJC_ISA_USAGE = YES_ERROR;
				CLANG_WARN_DOCUMENTATION_COMMENTS = YES;
				CLANG_WARN_EMPTY_BODY = YES;
				CLANG_WARN_ENUM_CONVERSION = YES;
				CLANG_WARN_INFINITE_RECURSION = YES;
				CLANG_WARN_INT_CONVERSION = YES;
				CLANG_WARN_NON_LITERAL_NULL_CONVERSION = YES;
				CLANG_WARN_OBJC_IMPLICIT_RETAIN_SELF = YES;
				CLANG_WARN_OBJC_LITERAL_CONVERSION = YES;
				CLANG_WARN_OBJC_ROOT_CLASS = YES_ERROR;
				CLANG_WARN_QUOTED_INCLUDE_IN_FRAMEWORK_HEADER = YES;
				CLANG_WARN_RANGE_LOOP_ANALYSIS = YES;
				CLANG_WARN_STRICT_PROTOTYPES = YES;
				CLANG_WARN_SUSPICIOUS_MOVE = YES;
				CLANG_WARN_UNGUARDED_AVAILABILITY = YES_AGGRESSIVE;
				CLANG_WARN_UNREACHABLE_CODE = YES;
				CLANG_WARN__DUPLICATE_METHOD_MATCH = YES;
				COPY_PHASE_STRIP = NO;
				DEBUG_INFORMATION_FORMAT = "dwarf-with-dsym";
				ENABLE_NS_ASSERTIONS = NO;
				ENABLE_STRICT_OBJC_MSGSEND = YES;
				ENABLE_USER_SCRIPT_SANDBOXING = NO;
				GCC_C_LANGUAGE_STANDARD = gnu17;
				GCC_NO_COMMON_BLOCKS = YES;
				GCC_WARN_64_TO_32_BIT_CONVERSION = YES;
				GCC_WARN_ABOUT_RETURN_TYPE = YES_ERROR;
				GCC_WARN_UNDECLARED_SELECTOR = YES;
				GCC_WARN_UNINITIALIZED_AUTOS = YES_AGGRESSIVE;
				GCC_WARN_UNUSED_FUNCTION = YES;
				GCC_WARN_UNUSED_VARIABLE = YES;
				IPHONEOS_DEPLOYMENT_TARGET = 17.5;
				LOCALIZATION_PREFERS_STRING_CATALOGS = YES;
				MTL_ENABLE_DEBUG_INFO = NO;
				MTL_FAST_MATH = YES;
				SDKROOT = iphoneos;
				SWIFT_COMPILATION_MODE = wholemodule;
				VALIDATE_PRODUCT = YES;
			};
			name = Release;
		};
		E81506502C94145000B7F8F4 /* Debug */ = {
			isa = XCBuildConfiguration;
			buildSettings = {
				ASSETCATALOG_COMPILER_APPICON_NAME = AppIcon;
				ASSETCATALOG_COMPILER_GLOBAL_ACCENT_COLOR_NAME = AccentColor;
				CODE_SIGN_STYLE = Automatic;
				CURRENT_PROJECT_VERSION = 1;
				DEVELOPMENT_ASSET_PATHS = "\"BBQuotes/Preview Content\"";
				DEVELOPMENT_TEAM = 9YN34DK99C;
				ENABLE_PREVIEWS = YES;
				GENERATE_INFOPLIST_FILE = YES;
				INFOPLIST_KEY_UIApplicationSceneManifest_Generation = YES;
				INFOPLIST_KEY_UIApplicationSupportsIndirectInputEvents = YES;
				INFOPLIST_KEY_UILaunchScreen_Generation = YES;
				INFOPLIST_KEY_UISupportedInterfaceOrientations_iPad = "UIInterfaceOrientationPortrait UIInterfaceOrientationPortraitUpsideDown UIInterfaceOrientationLandscapeLeft UIInterfaceOrientationLandscapeRight";
				INFOPLIST_KEY_UISupportedInterfaceOrientations_iPhone = "UIInterfaceOrientationPortrait UIInterfaceOrientationLandscapeLeft UIInterfaceOrientationLandscapeRight";
				LD_RUNPATH_SEARCH_PATHS = (
					"$(inherited)",
					"@executable_path/Frameworks",
				);
				MARKETING_VERSION = 1.0;
				PRODUCT_BUNDLE_IDENTIFIER = com.yunac.BBQuotes;
				PRODUCT_NAME = "$(TARGET_NAME)";
				SWIFT_EMIT_LOC_STRINGS = YES;
				SWIFT_VERSION = 5.0;
				TARGETED_DEVICE_FAMILY = "1,2";
			};
			name = Debug;
		};
		E81506512C94145000B7F8F4 /* Release */ = {
			isa = XCBuildConfiguration;
			buildSettings = {
				ASSETCATALOG_COMPILER_APPICON_NAME = AppIcon;
				ASSETCATALOG_COMPILER_GLOBAL_ACCENT_COLOR_NAME = AccentColor;
				CODE_SIGN_STYLE = Automatic;
				CURRENT_PROJECT_VERSION = 1;
				DEVELOPMENT_ASSET_PATHS = "\"BBQuotes/Preview Content\"";
				DEVELOPMENT_TEAM = 9YN34DK99C;
				ENABLE_PREVIEWS = YES;
				GENERATE_INFOPLIST_FILE = YES;
				INFOPLIST_KEY_UIApplicationSceneManifest_Generation = YES;
				INFOPLIST_KEY_UIApplicationSupportsIndirectInputEvents = YES;
				INFOPLIST_KEY_UILaunchScreen_Generation = YES;
				INFOPLIST_KEY_UISupportedInterfaceOrientations_iPad = "UIInterfaceOrientationPortrait UIInterfaceOrientationPortraitUpsideDown UIInterfaceOrientationLandscapeLeft UIInterfaceOrientationLandscapeRight";
				INFOPLIST_KEY_UISupportedInterfaceOrientations_iPhone = "UIInterfaceOrientationPortrait UIInterfaceOrientationLandscapeLeft UIInterfaceOrientationLandscapeRight";
				LD_RUNPATH_SEARCH_PATHS = (
					"$(inherited)",
					"@executable_path/Frameworks",
				);
				MARKETING_VERSION = 1.0;
				PRODUCT_BUNDLE_IDENTIFIER = com.yunac.BBQuotes;
				PRODUCT_NAME = "$(TARGET_NAME)";
				SWIFT_EMIT_LOC_STRINGS = YES;
				SWIFT_VERSION = 5.0;
				TARGETED_DEVICE_FAMILY = "1,2";
			};
			name = Release;
		};
		E8AE7C3D2C9A945100259CDC /* Debug */ = {
			isa = XCBuildConfiguration;
			buildSettings = {
				BUNDLE_LOADER = "$(TEST_HOST)";
				CODE_SIGN_STYLE = Automatic;
				CURRENT_PROJECT_VERSION = 1;
				DEVELOPMENT_TEAM = 9YN34DK99C;
				ENABLE_USER_SCRIPT_SANDBOXING = YES;
				GENERATE_INFOPLIST_FILE = YES;
				MARKETING_VERSION = 1.0;
				PRODUCT_BUNDLE_IDENTIFIER = com.yunac.BBQuotesTests;
				PRODUCT_NAME = "$(TARGET_NAME)";
				SWIFT_EMIT_LOC_STRINGS = NO;
				SWIFT_VERSION = 5.0;
				TARGETED_DEVICE_FAMILY = "1,2";
				TEST_HOST = "$(BUILT_PRODUCTS_DIR)/BBQuotes.app/$(BUNDLE_EXECUTABLE_FOLDER_PATH)/BBQuotes";
			};
			name = Debug;
		};
		E8AE7C3E2C9A945100259CDC /* Release */ = {
			isa = XCBuildConfiguration;
			buildSettings = {
				BUNDLE_LOADER = "$(TEST_HOST)";
				CODE_SIGN_STYLE = Automatic;
				CURRENT_PROJECT_VERSION = 1;
				DEVELOPMENT_TEAM = 9YN34DK99C;
				ENABLE_USER_SCRIPT_SANDBOXING = YES;
				GENERATE_INFOPLIST_FILE = YES;
				MARKETING_VERSION = 1.0;
				PRODUCT_BUNDLE_IDENTIFIER = com.yunac.BBQuotesTests;
				PRODUCT_NAME = "$(TARGET_NAME)";
				SWIFT_EMIT_LOC_STRINGS = NO;
				SWIFT_VERSION = 5.0;
				TARGETED_DEVICE_FAMILY = "1,2";
				TEST_HOST = "$(BUILT_PRODUCTS_DIR)/BBQuotes.app/$(BUNDLE_EXECUTABLE_FOLDER_PATH)/BBQuotes";
			};
			name = Release;
		};
/* End XCBuildConfiguration section */

/* Begin XCConfigurationList section */
		E815063C2C94144F00B7F8F4 /* Build configuration list for PBXProject "BBQuotes" */ = {
			isa = XCConfigurationList;
			buildConfigurations = (
				E815064D2C94145000B7F8F4 /* Debug */,
				E815064E2C94145000B7F8F4 /* Release */,
			);
			defaultConfigurationIsVisible = 0;
			defaultConfigurationName = Release;
		};
		E815064F2C94145000B7F8F4 /* Build configuration list for PBXNativeTarget "BBQuotes" */ = {
			isa = XCConfigurationList;
			buildConfigurations = (
				E81506502C94145000B7F8F4 /* Debug */,
				E81506512C94145000B7F8F4 /* Release */,
			);
			defaultConfigurationIsVisible = 0;
			defaultConfigurationName = Release;
		};
		E8AE7C3C2C9A945100259CDC /* Build configuration list for PBXNativeTarget "BBQuotesTests" */ = {
			isa = XCConfigurationList;
			buildConfigurations = (
				E8AE7C3D2C9A945100259CDC /* Debug */,
				E8AE7C3E2C9A945100259CDC /* Release */,
			);
			defaultConfigurationIsVisible = 0;
			defaultConfigurationName = Release;
		};
/* End XCConfigurationList section */

/* Begin XCRemoteSwiftPackageReference section */
		E81506522C94156900B7F8F4 /* XCRemoteSwiftPackageReference "Inject" */ = {
			isa = XCRemoteSwiftPackageReference;
			repositoryURL = "https://github.com/krzysztofzablocki/Inject.git";
			requirement = {
				kind = upToNextMajorVersion;
				minimumVersion = 1.5.2;
			};
		};
		E81506552C94197700B7F8F4 /* XCRemoteSwiftPackageReference "SwiftFormat" */ = {
			isa = XCRemoteSwiftPackageReference;
			repositoryURL = "https://github.com/nicklockwood/SwiftFormat#swift-package-manager-plugin";
			requirement = {
				kind = upToNextMajorVersion;
				minimumVersion = 0.54.5;
			};
		};
		E815065C2C94223B00B7F8F4 /* XCRemoteSwiftPackageReference "SwiftLintPlugins" */ = {
			isa = XCRemoteSwiftPackageReference;
			repositoryURL = "https://github.com/SimplyDanny/SwiftLintPlugins";
			requirement = {
				kind = upToNextMajorVersion;
				minimumVersion = 0.57.0;
			};
		};
/* End XCRemoteSwiftPackageReference section */

/* Begin XCSwiftPackageProductDependency section */
		E81506532C94156900B7F8F4 /* Inject */ = {
			isa = XCSwiftPackageProductDependency;
			package = E81506522C94156900B7F8F4 /* XCRemoteSwiftPackageReference "Inject" */;
			productName = Inject;
		};
		E81506562C94197800B7F8F4 /* SwiftFormat */ = {
			isa = XCSwiftPackageProductDependency;
			package = E81506552C94197700B7F8F4 /* XCRemoteSwiftPackageReference "SwiftFormat" */;
			productName = SwiftFormat;
		};
/* End XCSwiftPackageProductDependency section */
	};
	rootObject = E81506392C94144F00B7F8F4 /* Project object */;
}
